Microsoft Visual Studio Solution File, Format Version 12.00
# Visual Studio Version 17
VisualStudioVersion = 17.5.2.0
MinimumVisualStudioVersion = 10.0.40219.1
Project("{FAE04EC0-301F-11D3-BF4B-00C04F79EFBC}") = "ArchiverService", "ArchiverService.csproj", "{782B9E89-02EC-ADAB-3000-8535E23AB8FD}"
EndProject
Global
	GlobalSection(SolutionConfigurationPlatforms) = preSolution
		Debug|Any CPU = Debug|Any CPU
		Release|Any CPU = Release|Any CPU
	EndGlobalSection
	GlobalSection(ProjectConfigurationPlatforms) = postSolution
		{782B9E89-02EC-ADAB-3000-8535E23AB8FD}.Debug|Any CPU.ActiveCfg = Debug|Any CPU
		{782B9E89-02EC-ADAB-3000-8535E23AB8FD}.Debug|Any CPU.Build.0 = Debug|Any CPU
		{782B9E89-02EC-ADAB-3000-8535E23AB8FD}.Release|Any CPU.ActiveCfg = Release|Any CPU
		{782B9E89-02EC-ADAB-3000-8535E23AB8FD}.Release|Any CPU.Build.0 = Release|Any CPU
	EndGlobalSection
	GlobalSection(SolutionProperties) = preSolution
		HideSolutionNode = FALSE
	EndGlobalSection
	GlobalSection(ExtensibilityGlobals) = postSolution
		SolutionGuid = {4A663DEC-4E96-48D3-9CF3-7D941E7B079D}
	EndGlobalSection
EndGlobal
